Microsoft Visual Studio Solution File, Format Version 11.00
# Visual Studio 2008

Project("{C21B438F-C4EE-5427-5543-BFA171479AB3}") = "Metro-Games---Heroes", "Assembly-CSharp.csproj", "{75C51501-E4AA-F30B-707F-9AD9D012CF1E}"
EndProject
Global
	GlobalSection(SolutionConfigurationPlatforms) = preSolution
		Debug|Any CPU = Debug|Any CPU
		Release|Any CPU = Release|Any CPU
	EndGlobalSection
	GlobalSection(ProjectConfigurationPlatforms) = postSolution
		{75C51501-E4AA-F30B-707F-9AD9D012CF1E}.Debug|Any CPU.ActiveCfg = Debug|Any CPU
		{75C51501-E4AA-F30B-707F-9AD9D012CF1E}.Debug|Any CPU.Build.0 = Debug|Any CPU
		{75C51501-E4AA-F30B-707F-9AD9D012CF1E}.Release|Any CPU.ActiveCfg = Release|Any CPU
		{75C51501-E4AA-F30B-707F-9AD9D012CF1E}.Release|Any CPU.Build.0 = Release|Any CPU
	EndGlobalSection
	GlobalSection(SolutionProperties) = preSolution
		HideSolutionNode = FALSE
	EndGlobalSection
	GlobalSection(MonoDevelopProperties) = preSolution
		StartupItem = Assembly-CSharp.csproj
	EndGlobalSection
EndGlobal
